
Microsoft Visual Studio Solution File, Format Version 12.00
# Visual Studio 15
VisualStudioVersion = 15.0.28307.2092
MinimumVisualStudioVersion = 10.0.40219.1
Project("{FAE04EC0-301F-11D3-BF4B-00C04F79EFBC}") = "Persona", "Persona\Persona.csproj", "{175D50EE-0E8A-4C72-AC79-17D800125059}"
EndProject
Global
	GlobalSection(SolutionConfigurationPlatforms) = preSolution
		Debug|Any CPU = Debug|Any CPU
		Release|Any CPU = Release|Any CPU
	EndGlobalSection
	GlobalSection(ProjectConfigurationPlatforms) = postSolution
		{175D50EE-0E8A-4C72-AC79-17D800125059}.Debug|Any CPU.ActiveCfg = Debug|Any CPU
		{175D50EE-0E8A-4C72-AC79-17D800125059}.Debug|Any CPU.Build.0 = Debug|Any CPU
		{175D50EE-0E8A-4C72-AC79-17D800125059}.Release|Any CPU.ActiveCfg = Release|Any CPU
		{175D50EE-0E8A-4C72-AC79-17D800125059}.Release|Any CPU.Build.0 = Release|Any CPU
	EndGlobalSection
	GlobalSection(SolutionProperties) = preSolution
		HideSolutionNode = FALSE
	EndGlobalSection
	GlobalSection(ExtensibilityGlobals) = postSolution
		SolutionGuid = {D02D538A-152D-42F7-9F37-1CB5963AB507}
	EndGlobalSection
EndGlobal
